// !$*UTF8*$!
{
	archiveVersion = 1;
	classes = {
	};
	objectVersion = 46;
	objects = {

/* Begin PBXBuildFile section */
		180F8A1A1A5FE880007537E6 /* main.mm in Sources */ = {isa = PBXBuildFile; fileRef = 180F8A191A5FE880007537E6 /* main.mm */; };
		180F8A1D1A5FE880007537E6 /* AppDelegate.mm in Sources */ = {isa = PBXBuildFile; fileRef = 180F8A1C1A5FE880007537E6 /* AppDelegate.mm */; };
		180F8A201A5FE880007537E6 /* ViewController.mm in Sources */ = {isa = PBXBuildFile; fileRef = 180F8A1F1A5FE880007537E6 /* ViewController.mm */; };
		180F8A231A5FE880007537E6 /* Main.storyboard in Resources */ = {isa = PBXBuildFile; fileRef = 180F8A211A5FE880007537E6 /* Main.storyboard */; };
		180F8A251A5FE880007537E6 /* Images.xcassets in Resources */ = {isa = PBXBuildFile; fileRef = 180F8A241A5FE880007537E6 /* Images.xcassets */; };
		180F8A281A5FE880007537E6 /* LaunchScreen.xib in Resources */ = {isa = PBXBuildFile; fileRef = 180F8A261A5FE880007537E6 /* LaunchScreen.xib */; };
		180F8A341A5FE881007537E6 /* calibrationTests.m in Sources */ = {isa = PBXBuildFile; fileRef = 180F8A331A5FE881007537E6 /* calibrationTests.m */; };
		187CB1781A601777007F060C /* ExternalAccessory.framework in Frameworks */ = {isa = PBXBuildFile; fileRef = 187CB1771A601777007F060C /* ExternalAccessory.framework */; };
		187CB17C1A629136007F060C /* libc++.dylib in Frameworks */ = {isa = PBXBuildFile; fileRef = 187CB17B1A629136007F060C /* libc++.dylib */; };
		18A343FA1A60155A002420C6 /* CoreMotion.framework in Frameworks */ = {isa = PBXBuildFile; fileRef = 18A343F91A60155A002420C6 /* CoreMotion.framework */; };
		18A343FC1A60156C002420C6 /* QuartzCore.framework in Frameworks */ = {isa = PBXBuildFile; fileRef = 18A343FB1A60156C002420C6 /* QuartzCore.framework */; };
		18A343FE1A601576002420C6 /* AVFoundation.framework in Frameworks */ = {isa = PBXBuildFile; fileRef = 18A343FD1A601576002420C6 /* AVFoundation.framework */; };
		18A344001A601580002420C6 /* Foundation.framework in Frameworks */ = {isa = PBXBuildFile; fileRef = 18A343FF1A601580002420C6 /* Foundation.framework */; };
		18A344021A601586002420C6 /* Accelerate.framework in Frameworks */ = {isa = PBXBuildFile; fileRef = 18A344011A601586002420C6 /* Accelerate.framework */; };
		18A344041A60158F002420C6 /* OpenGLES.framework in Frameworks */ = {isa = PBXBuildFile; fileRef = 18A344031A60158F002420C6 /* OpenGLES.framework */; };
		18A344061A601596002420C6 /* ImageIO.framework in Frameworks */ = {isa = PBXBuildFile; fileRef = 18A344051A601596002420C6 /* ImageIO.framework */; };
		18A344081A60159D002420C6 /* CoreMedia.framework in Frameworks */ = {isa = PBXBuildFile; fileRef = 18A344071A60159D002420C6 /* CoreMedia.framework */; };
		18A3440A1A6015A5002420C6 /* CoreGraphics.framework in Frameworks */ = {isa = PBXBuildFile; fileRef = 18A344091A6015A5002420C6 /* CoreGraphics.framework */; };
		18A3440C1A6015AE002420C6 /* CoreImage.framework in Frameworks */ = {isa = PBXBuildFile; fileRef = 18A3440B1A6015AE002420C6 /* CoreImage.framework */; };
		18A3440E1A6015B6002420C6 /* CoreVideo.framework in Frameworks */ = {isa = PBXBuildFile; fileRef = 18A3440D1A6015B6002420C6 /* CoreVideo.framework */; };
		18A344101A6015C1002420C6 /* UIKit.framework in Frameworks */ = {isa = PBXBuildFile; fileRef = 18A3440F1A6015C1002420C6 /* UIKit.framework */; };
		18A344141A6015D1002420C6 /* libz.dylib in Frameworks */ = {isa = PBXBuildFile; fileRef = 18A344131A6015D1002420C6 /* libz.dylib */; };
		18B9B9151ADE7CFC00356FBE /* Structure.framework in Frameworks */ = {isa = PBXBuildFile; fileRef = 18B9B9141ADE7CFC00356FBE /* Structure.framework */; };
		18B9B9171ADEA66800356FBE /* opencv2.framework in Frameworks */ = {isa = PBXBuildFile; fileRef = 18B9B9161ADEA66800356FBE /* opencv2.framework */; };
/* End PBXBuildFile section */

/* Begin PBXContainerItemProxy section */
		180F8A2E1A5FE881007537E6 /* PBXContainerItemProxy */ = {
			isa = PBXContainerItemProxy;
			containerPortal = 180F8A0C1A5FE87F007537E6 /* Project object */;
			proxyType = 1;
			remoteGlobalIDString = 180F8A131A5FE880007537E6;
			remoteInfo = calibration;
		};
/* End PBXContainerItemProxy section */

/* Begin PBXFileReference section */
		180F8A141A5FE880007537E6 /* calibration.app */ = {isa = PBXFileReference; explicitFileType = wrapper.application; includeInIndex = 0; path = calibration.app; sourceTree = BUILT_PRODUCTS_DIR; };
		180F8A181A5FE880007537E6 /* Info.plist */ = {isa = PBXFileReference; lastKnownFileType = text.plist.xml; path = Info.plist; sourceTree = "<group>"; };
		180F8A191A5FE880007537E6 /* main.mm */ = {isa = PBXFileReference; lastKnownFileType = sourcecode.cpp.objcpp; path = main.mm; sourceTree = "<group>"; };
		180F8A1B1A5FE880007537E6 /* AppDelegate.h */ = {isa = PBXFileReference; lastKnownFileType = sourcecode.c.h; path = AppDelegate.h; sourceTree = "<group>"; };
		180F8A1C1A5FE880007537E6 /* AppDelegate.mm */ = {isa = PBXFileReference; lastKnownFileType = sourcecode.cpp.objcpp; path = AppDelegate.mm; sourceTree = "<group>"; };
		180F8A1E1A5FE880007537E6 /* ViewController.h */ = {isa = PBXFileReference; lastKnownFileType = sourcecode.c.h; path = ViewController.h; sourceTree = "<group>"; };
		180F8A1F1A5FE880007537E6 /* ViewController.mm */ = {isa = PBXFileReference; lastKnownFileType = sourcecode.cpp.objcpp; path = ViewController.mm; sourceTree = "<group>"; };
		180F8A221A5FE880007537E6 /* Base */ = {isa = PBXFileReference; lastKnownFileType = file.storyboard; name = Base; path = Base.lproj/Main.storyboard; sourceTree = "<group>"; };
		180F8A241A5FE880007537E6 /* Images.xcassets */ = {isa = PBXFileReference; lastKnownFileType = folder.assetcatalog; path = Images.xcassets; sourceTree = "<group>"; };
		180F8A271A5FE880007537E6 /* Base */ = {isa = PBXFileReference; lastKnownFileType = file.xib; name = Base; path = Base.lproj/LaunchScreen.xib; sourceTree = "<group>"; };
		180F8A2D1A5FE881007537E6 /* calibrationTests.xctest */ = {isa = PBXFileReference; explicitFileType = wrapper.cfbundle; includeInIndex = 0; path = calibrationTests.xctest; sourceTree = BUILT_PRODUCTS_DIR; };
		180F8A321A5FE881007537E6 /* Info.plist */ = {isa = PBXFileReference; lastKnownFileType = text.plist.xml; path = Info.plist; sourceTree = "<group>"; };
		180F8A331A5FE881007537E6 /* calibrationTests.m */ = {isa = PBXFileReference; lastKnownFileType = sourcecode.c.objc; path = calibrationTests.m; sourceTree = "<group>"; };
		187CB1771A601777007F060C /* ExternalAccessory.framework */ = {isa = PBXFileReference; lastKnownFileType = wrapper.framework; name = ExternalAccessory.framework; path = System/Library/Frameworks/ExternalAccessory.framework; sourceTree = SDKROOT; };
		187CB17B1A629136007F060C /* libc++.dylib */ = {isa = PBXFileReference; lastKnownFileType = "compiled.mach-o.dylib"; name = "libc++.dylib"; path = "usr/lib/libc++.dylib"; sourceTree = SDKROOT; };
		187CB17D1A6FBCEA007F060C /* calibration.entitlements */ = {isa = PBXFileReference; lastKnownFileType = text.xml; path = calibration.entitlements; sourceTree = "<group>"; };
		18A343F91A60155A002420C6 /* CoreMotion.framework */ = {isa = PBXFileReference; lastKnownFileType = wrapper.framework; name = CoreMotion.framework; path = System/Library/Frameworks/CoreMotion.framework; sourceTree = SDKROOT; };
		18A343FB1A60156C002420C6 /* QuartzCore.framework */ = {isa = PBXFileReference; lastKnownFileType = wrapper.framework; name = QuartzCore.framework; path = System/Library/Frameworks/QuartzCore.framework; sourceTree = SDKROOT; };
		18A343FD1A601576002420C6 /* AVFoundation.framework */ = {isa = PBXFileReference; lastKnownFileType = wrapper.framework; name = AVFoundation.framework; path = System/Library/Frameworks/AVFoundation.framework; sourceTree = SDKROOT; };
		18A343FF1A601580002420C6 /* Foundation.framework */ = {isa = PBXFileReference; lastKnownFileType = wrapper.framework; name = Foundation.framework; path = System/Library/Frameworks/Foundation.framework; sourceTree = SDKROOT; };
		18A344011A601586002420C6 /* Accelerate.framework */ = {isa = PBXFileReference; lastKnownFileType = wrapper.framework; name = Accelerate.framework; path = System/Library/Frameworks/Accelerate.framework; sourceTree = SDKROOT; };
		18A344031A60158F002420C6 /* OpenGLES.framework */ = {isa = PBXFileReference; lastKnownFileType = wrapper.framework; name = OpenGLES.framework; path = System/Library/Frameworks/OpenGLES.framework; sourceTree = SDKROOT; };
		18A344051A601596002420C6 /* ImageIO.framework */ = {isa = PBXFileReference; lastKnownFileType = wrapper.framework; name = ImageIO.framework; path = System/Library/Frameworks/ImageIO.framework; sourceTree = SDKROOT; };
		18A344071A60159D002420C6 /* CoreMedia.framework */ = {isa = PBXFileReference; lastKnownFileType = wrapper.framework; name = CoreMedia.framework; path = System/Library/Frameworks/CoreMedia.framework; sourceTree = SDKROOT; };
		18A344091A6015A5002420C6 /* CoreGraphics.framework */ = {isa = PBXFileReference; lastKnownFileType = wrapper.framework; name = CoreGraphics.framework; path = System/Library/Frameworks/CoreGraphics.framework; sourceTree = SDKROOT; };
		18A3440B1A6015AE002420C6 /* CoreImage.framework */ = {isa = PBXFileReference; lastKnownFileType = wrapper.framework; name = CoreImage.framework; path = System/Library/Frameworks/CoreImage.framework; sourceTree = SDKROOT; };
		18A3440D1A6015B6002420C6 /* CoreVideo.framework */ = {isa = PBXFileReference; lastKnownFileType = wrapper.framework; name = CoreVideo.framework; path = System/Library/Frameworks/CoreVideo.framework; sourceTree = SDKROOT; };
		18A3440F1A6015C1002420C6 /* UIKit.framework */ = {isa = PBXFileReference; lastKnownFileType = wrapper.framework; name = UIKit.framework; path = System/Library/Frameworks/UIKit.framework; sourceTree = SDKROOT; };
		18A344131A6015D1002420C6 /* libz.dylib */ = {isa = PBXFileReference; lastKnownFileType = "compiled.mach-o.dylib"; name = libz.dylib; path = usr/lib/libz.dylib; sourceTree = SDKROOT; };
		18B9B9141ADE7CFC00356FBE /* Structure.framework */ = {isa = PBXFileReference; lastKnownFileType = wrapper.framework; path = Structure.framework; sourceTree = "<group>"; };
		18B9B9161ADEA66800356FBE /* opencv2.framework */ = {isa = PBXFileReference; lastKnownFileType = wrapper.framework; path = opencv2.framework; sourceTree = "<group>"; };
/* End PBXFileReference section */

/* Begin PBXFrameworksBuildPhase section */
		180F8A111A5FE880007537E6 /* Frameworks */ = {
			isa = PBXFrameworksBuildPhase;
			buildActionMask = 2147483647;
			files = (
				18B9B9171ADEA66800356FBE /* opencv2.framework in Frameworks */,
				18B9B9151ADE7CFC00356FBE /* Structure.framework in Frameworks */,
				187CB17C1A629136007F060C /* libc++.dylib in Frameworks */,
				187CB1781A601777007F060C /* ExternalAccessory.framework in Frameworks */,
				18A344141A6015D1002420C6 /* libz.dylib in Frameworks */,
				18A344101A6015C1002420C6 /* UIKit.framework in Frameworks */,
				18A3440E1A6015B6002420C6 /* CoreVideo.framework in Frameworks */,
				18A3440C1A6015AE002420C6 /* CoreImage.framework in Frameworks */,
				18A3440A1A6015A5002420C6 /* CoreGraphics.framework in Frameworks */,
				18A344081A60159D002420C6 /* CoreMedia.framework in Frameworks */,
				18A344061A601596002420C6 /* ImageIO.framework in Frameworks */,
				18A344041A60158F002420C6 /* OpenGLES.framework in Frameworks */,
				18A344021A601586002420C6 /* Accelerate.framework in Frameworks */,
				18A344001A601580002420C6 /* Foundation.framework in Frameworks */,
				18A343FE1A601576002420C6 /* AVFoundation.framework in Frameworks */,
				18A343FC1A60156C002420C6 /* QuartzCore.framework in Frameworks */,
				18A343FA1A60155A002420C6 /* CoreMotion.framework in Frameworks */,
			);
			runOnlyForDeploymentPostprocessing = 0;
		};
		180F8A2A1A5FE881007537E6 /* Frameworks */ = {
			isa = PBXFrameworksBuildPhase;
			buildActionMask = 2147483647;
			files = (
			);
			runOnlyForDeploymentPostprocessing = 0;
		};
/* End PBXFrameworksBuildPhase section */

/* Begin PBXGroup section */
		180F8A0B1A5FE87F007537E6 = {
			isa = PBXGroup;
			children = (
				18B9B9161ADEA66800356FBE /* opencv2.framework */,
				18B9B9141ADE7CFC00356FBE /* Structure.framework */,
				187CB17B1A629136007F060C /* libc++.dylib */,
				187CB1771A601777007F060C /* ExternalAccessory.framework */,
				18A344131A6015D1002420C6 /* libz.dylib */,
				18A3440F1A6015C1002420C6 /* UIKit.framework */,
				18A3440D1A6015B6002420C6 /* CoreVideo.framework */,
				18A3440B1A6015AE002420C6 /* CoreImage.framework */,
				18A344091A6015A5002420C6 /* CoreGraphics.framework */,
				18A344071A60159D002420C6 /* CoreMedia.framework */,
				18A344051A601596002420C6 /* ImageIO.framework */,
				18A344031A60158F002420C6 /* OpenGLES.framework */,
				18A344011A601586002420C6 /* Accelerate.framework */,
				18A343FF1A601580002420C6 /* Foundation.framework */,
				18A343FD1A601576002420C6 /* AVFoundation.framework */,
				18A343FB1A60156C002420C6 /* QuartzCore.framework */,
				18A343F91A60155A002420C6 /* CoreMotion.framework */,
				180F8A161A5FE880007537E6 /* calibration */,
				180F8A301A5FE881007537E6 /* calibrationTests */,
				180F8A151A5FE880007537E6 /* Products */,
			);
			sourceTree = "<group>";
		};
		180F8A151A5FE880007537E6 /* Products */ = {
			isa = PBXGroup;
			children = (
				180F8A141A5FE880007537E6 /* calibration.app */,
				180F8A2D1A5FE881007537E6 /* calibrationTests.xctest */,
			);
			name = Products;
			sourceTree = "<group>";
		};
		180F8A161A5FE880007537E6 /* calibration */ = {
			isa = PBXGroup;
			children = (
				187CB17D1A6FBCEA007F060C /* calibration.entitlements */,
				180F8A1B1A5FE880007537E6 /* AppDelegate.h */,
				180F8A1C1A5FE880007537E6 /* AppDelegate.mm */,
				180F8A1E1A5FE880007537E6 /* ViewController.h */,
				180F8A1F1A5FE880007537E6 /* ViewController.mm */,
				180F8A211A5FE880007537E6 /* Main.storyboard */,
				180F8A241A5FE880007537E6 /* Images.xcassets */,
				180F8A261A5FE880007537E6 /* LaunchScreen.xib */,
				180F8A171A5FE880007537E6 /* Supporting Files */,
			);
			path = calibration;
			sourceTree = "<group>";
		};
		180F8A171A5FE880007537E6 /* Supporting Files */ = {
			isa = PBXGroup;
			children = (
				180F8A181A5FE880007537E6 /* Info.plist */,
				180F8A191A5FE880007537E6 /* main.mm */,
			);
			name = "Supporting Files";
			sourceTree = "<group>";
		};
		180F8A301A5FE881007537E6 /* calibrationTests */ = {
			isa = PBXGroup;
			children = (
				180F8A331A5FE881007537E6 /* calibrationTests.m */,
				180F8A311A5FE881007537E6 /* Supporting Files */,
			);
			path = calibrationTests;
			sourceTree = "<group>";
		};
		180F8A311A5FE881007537E6 /* Supporting Files */ = {
			isa = PBXGroup;
			children = (
				180F8A321A5FE881007537E6 /* Info.plist */,
			);
			name = "Supporting Files";
			sourceTree = "<group>";
		};
/* End PBXGroup section */

/* Begin PBXNativeTarget section */
		180F8A131A5FE880007537E6 /* calibration */ = {
			isa = PBXNativeTarget;
			buildConfigurationList = 180F8A371A5FE881007537E6 /* Build configuration list for PBXNativeTarget "calibration" */;
			buildPhases = (
				180F8A101A5FE880007537E6 /* Sources */,
				180F8A111A5FE880007537E6 /* Frameworks */,
				180F8A121A5FE880007537E6 /* Resources */,
			);
			buildRules = (
			);
			dependencies = (
			);
			name = calibration;
			productName = calibration;
			productReference = 180F8A141A5FE880007537E6 /* calibration.app */;
			productType = "com.apple.product-type.application";
		};
		180F8A2C1A5FE881007537E6 /* calibrationTests */ = {
			isa = PBXNativeTarget;
			buildConfigurationList = 180F8A3A1A5FE881007537E6 /* Build configuration list for PBXNativeTarget "calibrationTests" */;
			buildPhases = (
				180F8A291A5FE881007537E6 /* Sources */,
				180F8A2A1A5FE881007537E6 /* Frameworks */,
				180F8A2B1A5FE881007537E6 /* Resources */,
			);
			buildRules = (
			);
			dependencies = (
				180F8A2F1A5FE881007537E6 /* PBXTargetDependency */,
			);
			name = calibrationTests;
			productName = calibrationTests;
			productReference = 180F8A2D1A5FE881007537E6 /* calibrationTests.xctest */;
			productType = "com.apple.product-type.bundle.unit-test";
		};
/* End PBXNativeTarget section */

/* Begin PBXProject section */
		180F8A0C1A5FE87F007537E6 /* Project object */ = {
			isa = PBXProject;
			attributes = {
				LastUpgradeCheck = 0610;
				ORGANIZATIONNAME = "Lukas Bischofberger";
				TargetAttributes = {
					180F8A131A5FE880007537E6 = {
						CreatedOnToolsVersion = 6.1.1;
						DevelopmentTeam = 36W9G4AHTN;
						SystemCapabilities = {
							com.apple.WAC = {
								enabled = 1;
							};
						};
					};
					180F8A2C1A5FE881007537E6 = {
						CreatedOnToolsVersion = 6.1.1;
						TestTargetID = 180F8A131A5FE880007537E6;
					};
				};
			};
			buildConfigurationList = 180F8A0F1A5FE87F007537E6 /* Build configuration list for PBXProject "calibration" */;
			compatibilityVersion = "Xcode 3.2";
			developmentRegion = English;
			hasScannedForEncodings = 0;
			knownRegions = (
				en,
				Base,
			);
			mainGroup = 180F8A0B1A5FE87F007537E6;
			productRefGroup = 180F8A151A5FE880007537E6 /* Products */;
			projectDirPath = "";
			projectRoot = "";
			targets = (
				180F8A131A5FE880007537E6 /* calibration */,
				180F8A2C1A5FE881007537E6 /* calibrationTests */,
			);
		};
/* End PBXProject section */

/* Begin PBXResourcesBuildPhase section */
		180F8A121A5FE880007537E6 /* Resources */ = {
			isa = PBXResourcesBuildPhase;
			buildActionMask = 2147483647;
			files = (
				180F8A231A5FE880007537E6 /* Main.storyboard in Resources */,
				180F8A281A5FE880007537E6 /* LaunchScreen.xib in Resources */,
				180F8A251A5FE880007537E6 /* Images.xcassets in Resources */,
			);
			runOnlyForDeploymentPostprocessing = 0;
		};
		180F8A2B1A5FE881007537E6 /* Resources */ = {
			isa = PBXResourcesBuildPhase;
			buildActionMask = 2147483647;
			files = (
			);
			runOnlyForDeploymentPostprocessing = 0;
		};
/* End PBXResourcesBuildPhase section */

/* Begin PBXSourcesBuildPhase section */
		180F8A101A5FE880007537E6 /* Sources */ = {
			isa = PBXSourcesBuildPhase;
			buildActionMask = 2147483647;
			files = (
				180F8A201A5FE880007537E6 /* ViewController.mm in Sources */,
				180F8A1D1A5FE880007537E6 /* AppDelegate.mm in Sources */,
				180F8A1A1A5FE880007537E6 /* main.mm in Sources */,
			);
			runOnlyForDeploymentPostprocessing = 0;
		};
		180F8A291A5FE881007537E6 /* Sources */ = {
			isa = PBXSourcesBuildPhase;
			buildActionMask = 2147483647;
			files = (
				180F8A341A5FE881007537E6 /* calibrationTests.m in Sources */,
			);
			runOnlyForDeploymentPostprocessing = 0;
		};
/* End PBXSourcesBuildPhase section */

/* Begin PBXTargetDependency section */
		180F8A2F1A5FE881007537E6 /* PBXTargetDependency */ = {
			isa = PBXTargetDependency;
			target = 180F8A131A5FE880007537E6 /* calibration */;
			targetProxy = 180F8A2E1A5FE881007537E6 /* PBXContainerItemProxy */;
		};
/* End PBXTargetDependency section */

/* Begin PBXVariantGroup section */
		180F8A211A5FE880007537E6 /* Main.storyboard */ = {
			isa = PBXVariantGroup;
			children = (
				180F8A221A5FE880007537E6 /* Base */,
			);
			name = Main.storyboard;
			sourceTree = "<group>";
		};
		180F8A261A5FE880007537E6 /* LaunchScreen.xib */ = {
			isa = PBXVariantGroup;
			children = (
				180F8A271A5FE880007537E6 /* Base */,
			);
			name = LaunchScreen.xib;
			sourceTree = "<group>";
		};
/* End PBXVariantGroup section */

/* Begin XCBuildConfiguration section */
		180F8A351A5FE881007537E6 /* Debug */ = {
			isa = XCBuildConfiguration;
			buildSettings = {
				ALWAYS_SEARCH_USER_PATHS = NO;
				CLANG_CXX_LANGUAGE_STANDARD = "gnu++0x";
				CLANG_CXX_LIBRARY = "libc++";
				CLANG_ENABLE_MODULES = YES;
				CLANG_ENABLE_OBJC_ARC = YES;
				CLANG_WARN_BOOL_CONVERSION = YES;
				CLANG_WARN_CONSTANT_CONVERSION = YES;
				CLANG_WARN_DIRECT_OBJC_ISA_USAGE = YES_ERROR;
				CLANG_WARN_EMPTY_BODY = YES;
				CLANG_WARN_ENUM_CONVERSION = YES;
				CLANG_WARN_INT_CONVERSION = YES;
				CLANG_WARN_OBJC_ROOT_CLASS = YES_ERROR;
				CLANG_WARN_UNREACHABLE_CODE = YES;
				CLANG_WARN__DUPLICATE_METHOD_MATCH = YES;
				"CODE_SIGN_IDENTITY[sdk=iphoneos*]" = "iPhone Developer";
				COPY_PHASE_STRIP = NO;
				ENABLE_STRICT_OBJC_MSGSEND = YES;
				GCC_C_LANGUAGE_STANDARD = gnu99;
				GCC_DYNAMIC_NO_PIC = NO;
				GCC_OPTIMIZATION_LEVEL = 0;
				GCC_PREPROCESSOR_DEFINITIONS = (
					"DEBUG=1",
					"$(inherited)",
				);
				GCC_SYMBOLS_PRIVATE_EXTERN = NO;
				GCC_WARN_64_TO_32_BIT_CONVERSION = YES;
				GCC_WARN_ABOUT_RETURN_TYPE = YES_ERROR;
				GCC_WARN_UNDECLARED_SELECTOR = YES;
				GCC_WARN_UNINITIALIZED_AUTOS = YES_AGGRESSIVE;
				GCC_WARN_UNUSED_FUNCTION = YES;
				GCC_WARN_UNUSED_VARIABLE = YES;
				IPHONEOS_DEPLOYMENT_TARGET = 8.1;
				MTL_ENABLE_DEBUG_INFO = YES;
				ONLY_ACTIVE_ARCH = YES;
				SDKROOT = iphoneos;
				TARGETED_DEVICE_FAMILY = 2;
			};
			name = Debug;
		};
		180F8A361A5FE881007537E6 /* Release */ = {
			isa = XCBuildConfiguration;
			buildSettings = {
				ALWAYS_SEARCH_USER_PATHS = NO;
				CLANG_CXX_LANGUAGE_STANDARD = "gnu++0x";
				CLANG_CXX_LIBRARY = "libc++";
				CLANG_ENABLE_MODULES = YES;
				CLANG_ENABLE_OBJC_ARC = YES;
				CLANG_WARN_BOOL_CONVERSION = YES;
				CLANG_WARN_CONSTANT_CONVERSION = YES;
				CLANG_WARN_DIRECT_OBJC_ISA_USAGE = YES_ERROR;
				CLANG_WARN_EMPTY_BODY = YES;
				CLANG_WARN_ENUM_CONVERSION = YES;
				CLANG_WARN_INT_CONVERSION = YES;
				CLANG_WARN_OBJC_ROOT_CLASS = YES_ERROR;
				CLANG_WARN_UNREACHABLE_CODE = YES;
				CLANG_WARN__DUPLICATE_METHOD_MATCH = YES;
				"CODE_SIGN_IDENTITY[sdk=iphoneos*]" = "iPhone Developer";
				COPY_PHASE_STRIP = YES;
				ENABLE_NS_ASSERTIONS = NO;
				ENABLE_STRICT_OBJC_MSGSEND = YES;
				GCC_C_LANGUAGE_STANDARD = gnu99;
				GCC_WARN_64_TO_32_BIT_CONVERSION = YES;
				GCC_WARN_ABOUT_RETURN_TYPE = YES_ERROR;
				GCC_WARN_UNDECLARED_SELECTOR = YES;
				GCC_WARN_UNINITIALIZED_AUTOS = YES_AGGRESSIVE;
				GCC_WARN_UNUSED_FUNCTION = YES;
				GCC_WARN_UNUSED_VARIABLE = YES;
				IPHONEOS_DEPLOYMENT_TARGET = 8.1;
				MTL_ENABLE_DEBUG_INFO = NO;
				SDKROOT = iphoneos;
				TARGETED_DEVICE_FAMILY = 2;
				VALIDATE_PRODUCT = YES;
			};
			name = Release;
		};
		180F8A381A5FE881007537E6 /* Debug */ = {
			isa = XCBuildConfiguration;
			buildSettings = {
				ASSETCATALOG_COMPILER_APPICON_NAME = AppIcon;
				CODE_SIGN_ENTITLEMENTS = calibration/calibration.entitlements;
				CODE_SIGN_IDENTITY = "iPhone Developer";
				"CODE_SIGN_IDENTITY[sdk=iphoneos*]" = "iPhone Developer";
				FRAMEWORK_SEARCH_PATHS = (
					"$(inherited)",
					/Users/worx/Documents/BAiOS/Structure,
					SDK/Frameworks,
					/Users/worx/Documents/BAiOS/Structure,
					SDK/Frameworks,
					"/Users/worx/Documents/opencv-2.4.10/ios",
					/Users/worx/Documents/BAiOS/Structure,
					SDK/Frameworks,
					/Users/worx/Documents/BAiOS/Structure,
					SDK/Frameworks,
					"$(PROJECT_DIR)",
				);
				INFOPLIST_FILE = calibration/Info.plist;
				LD_RUNPATH_SEARCH_PATHS = "$(inherited) @executable_path/Frameworks";
				PRODUCT_NAME = "$(TARGET_NAME)";
				PROVISIONING_PROFILE = "";
			};
			name = Debug;
		};
		180F8A391A5FE881007537E6 /* Release */ = {
			isa = XCBuildConfiguration;
			buildSettings = {
				ASSETCATALOG_COMPILER_APPICON_NAME = AppIcon;
				CODE_SIGN_ENTITLEMENTS = calibration/calibration.entitlements;
				CODE_SIGN_IDENTITY = "iPhone Developer";
				"CODE_SIGN_IDENTITY[sdk=iphoneos*]" = "iPhone Developer";
				FRAMEWORK_SEARCH_PATHS = (
					"$(inherited)",
					/Users/worx/Documents/BAiOS/Structure,
					SDK/Frameworks,
					/Users/worx/Documents/BAiOS/Structure,
					SDK/Frameworks,
					"/Users/worx/Documents/opencv-2.4.10/ios",
					/Users/worx/Documents/BAiOS/Structure,
					SDK/Frameworks,
					/Users/worx/Documents/BAiOS/Structure,
					SDK/Frameworks,
					"$(PROJECT_DIR)",
				);
				INFOPLIST_FILE = calibration/Info.plist;
				LD_RUNPATH_SEARCH_PATHS = "$(inherited) @executable_path/Frameworks";
				PRODUCT_NAME = "$(TARGET_NAME)";
				PROVISIONING_PROFILE = "";
			};
			name = Release;
		};
		180F8A3B1A5FE881007537E6 /* Debug */ = {
			isa = XCBuildConfiguration;
			buildSettings = {
				BUNDLE_LOADER = "$(TEST_HOST)";
				FRAMEWORK_SEARCH_PATHS = (
					"$(SDKROOT)/Developer/Library/Frameworks",
					"$(inherited)",
				);
				GCC_PREPROCESSOR_DEFINITIONS = (
					"DEBUG=1",
					"$(inherited)",
				);
				INFOPLIST_FILE = calibrationTests/Info.plist;
				LD_RUNPATH_SEARCH_PATHS = "$(inherited) @executable_path/Frameworks @loader_path/Frameworks";
				PRODUCT_NAME = "$(TARGET_NAME)";
				TEST_HOST = "$(BUILT_PRODUCTS_DIR)/calibration.app/calibration";
			};
			name = Debug;
		};
		180F8A3C1A5FE881007537E6 /* Release */ = {
			isa = XCBuildConfiguration;
			buildSettings = {
				BUNDLE_LOADER = "$(TEST_HOST)";
				FRAMEWORK_SEARCH_PATHS = (
					"$(SDKROOT)/Developer/Library/Frameworks",
					"$(inherited)",
				);
				INFOPLIST_FILE = calibrationTests/Info.plist;
				LD_RUNPATH_SEARCH_PATHS = "$(inherited) @executable_path/Frameworks @loader_path/Frameworks";
				PRODUCT_NAME = "$(TARGET_NAME)";
				TEST_HOST = "$(BUILT_PRODUCTS_DIR)/calibration.app/calibration";
			};
			name = Release;
		};
/* End XCBuildConfiguration section */

/* Begin XCConfigurationList section */
		180F8A0F1A5FE87F007537E6 /* Build configuration list for PBXProject "calibration" */ = {
			isa = XCConfigurationList;
			buildConfigurations = (
				180F8A351A5FE881007537E6 /* Debug */,
				180F8A361A5FE881007537E6 /* Release */,
			);
			defaultConfigurationIsVisible = 0;
			defaultConfigurationName = Release;
		};
		180F8A371A5FE881007537E6 /* Build configuration list for PBXNativeTarget "calibration" */ = {
			isa = XCConfigurationList;
			buildConfigurations = (
				180F8A381A5FE881007537E6 /* Debug */,
				180F8A391A5FE881007537E6 /* Release */,
			);
			defaultConfigurationIsVisible = 0;
			defaultConfigurationName = Release;
		};
		180F8A3A1A5FE881007537E6 /* Build configuration list for PBXNativeTarget "calibrationTests" */ = {
			isa = XCConfigurationList;
			buildConfigurations = (
				180F8A3B1A5FE881007537E6 /* Debug */,
				180F8A3C1A5FE881007537E6 /* Release */,
			);
			defaultConfigurationIsVisible = 0;
			defaultConfigurationName = Release;
		};
/* End XCConfigurationList section */
	};
	rootObject = 180F8A0C1A5FE87F007537E6 /* Project object */;
}
